
Microsoft Visual Studio Solution File, Format Version 12.00
# Visual Studio 15
VisualStudioVersion = 15.0.27004.2005
MinimumVisualStudioVersion = 10.0.40219.1
Project("{FAE04EC0-301F-11D3-BF4B-00C04F79EFBC}") = "CSharpLibrary", "CSharpLibrary\CSharpLibrary.csproj", "{5E4DC6A8-2521-4901-AE8F-97351338FDFF}"
EndProject
Project("{FAE04EC0-301F-11D3-BF4B-00C04F79EFBC}") = "0.01_intro", "0.01_intro\0.01_intro.csproj", "{0991864B-F74A-4151-81F0-6D64027A0903}"
EndProject
Project("{FAE04EC0-301F-11D3-BF4B-00C04F79EFBC}") = "0.02_BasicTypes", "0.02_BasicTypes\0.02_BasicTypes.csproj", "{A515D7FA-CA3C-4EF5-A3AA-35822EDE1293}"
EndProject
Project("{FAE04EC0-301F-11D3-BF4B-00C04F79EFBC}") = "0.02_BasicTypesChallenges", "0.02_BasicTypesChallenges\0.02_BasicTypesChallenges.csproj", "{4376F859-45FE-4C78-A16E-00A63AFD7321}"
EndProject
Project("{FAE04EC0-301F-11D3-BF4B-00C04F79EFBC}") = "0.03_Strings", "0.03_Strings\0.03_Strings.csproj", "{A35E388A-AE06-4D2C-A4AF-733209C9650A}"
EndProject
Project("{FAE04EC0-301F-11D3-BF4B-00C04F79EFBC}") = "0.04_StringChallenge", "0.04_StringChallenge\0.04_StringChallenge.csproj", "{B502ACFD-3875-447C-AC6B-683EF8399BC0}"
EndProject
Project("{FAE04EC0-301F-11D3-BF4B-00C04F79EFBC}") = "CSharpChallenges", "CSharpChallenges\CSharpChallenges.csproj", "{FBE1B4D0-DC46-43F6-A5DB-6142EAA23003}"
EndProject
Project("{FAE04EC0-301F-11D3-BF4B-00C04F79EFBC}") = "ConsoleApp1", "ConsoleApp1\ConsoleApp1.csproj", "{DC292FC7-E3B0-4239-8CBA-B30123646EEA}"
EndProject
Project("{FAE04EC0-301F-11D3-BF4B-00C04F79EFBC}") = "BankAcctExample", "BankAcctExample\BankAcctExample.csproj", "{7BF31A17-2161-4FC8-85B0-BE79715B0221}"
EndProject
Project("{FAE04EC0-301F-11D3-BF4B-00C04F79EFBC}") = "0.05_SwitchCase", "0.05_SwitchCase\0.05_SwitchCase.csproj", "{5496F81F-55FB-4724-B280-64C41003F65A}"
EndProject
Project("{FAE04EC0-301F-11D3-BF4B-00C04F79EFBC}") = "0.06_ForLoops", "0.06_ForLoops\0.06_ForLoops.csproj", "{8B9ACEC4-CD67-492C-BF70-F7398582957C}"
EndProject
Project("{FAE04EC0-301F-11D3-BF4B-00C04F79EFBC}") = "0.07_Objects", "0.07_Objects\0.07_Objects.csproj", "{F82302D0-88B9-4CEE-9AB1-44DE14DD983C}"
EndProject
Project("{FAE04EC0-301F-11D3-BF4B-00C04F79EFBC}") = "0.08_ClassesChallenge", "0.08_ClassesChallenge\0.08_ClassesChallenge.csproj", "{F0CA9F0D-9B75-4D63-BA77-5B1E18472636}"
EndProject
Project("{FAE04EC0-301F-11D3-BF4B-00C04F79EFBC}") = "0.09_ObjectChallengesAnswers", "0.09_ObjectChallengesAnswers\0.09_ObjectChallengesAnswers.csproj", "{6DAFFD95-E283-4D46-8F7D-E76E7B7F9133}"
EndProject
Project("{FAE04EC0-301F-11D3-BF4B-00C04F79EFBC}") = "0.10_ArrayChallenge", "0.10_ArrayChallenge\0.10_ArrayChallenge.csproj", "{AB054243-0810-4B55-A205-69D861976833}"
EndProject
Project("{FAE04EC0-301F-11D3-BF4B-00C04F79EFBC}") = "0.11_CollectionsDictionaries", "0.11_CollectionsDictionaries\0.11_CollectionsDictionaries.csproj", "{AB7769C7-F9E6-4603-BA6E-2416C2F62BBE}"
EndProject
Project("{FAE04EC0-301F-11D3-BF4B-00C04F79EFBC}") = "0.12Constructors", "0.12Constructors\0.12Constructors.csproj", "{95739E16-C2C2-4DA4-90C0-DE7389D57B16}"
EndProject
Project("{FAE04EC0-301F-11D3-BF4B-00C04F79EFBC}") = "0.13MobilePhoneChallenge", "0.13MobilePhoneChallenge\0.13MobilePhoneChallenge.csproj", "{E6B5B2EF-4E1B-4448-BCF4-9DCB9FB3CAA5}"
EndProject
Project("{FAE04EC0-301F-11D3-BF4B-00C04F79EFBC}") = "0.14Phone", "0.14Phone\0.14Phone.csproj", "{90ABE54B-A821-4C99-9F06-45FA2AA91802}"
EndProject
Project("{FAE04EC0-301F-11D3-BF4B-00C04F79EFBC}") = "0.16_Game_Official", "0.16_Game_Official\0.16_Game_Official.csproj", "{2646C126-01DF-4A3D-8B87-729AE515DC13}"
EndProject
Project("{FAE04EC0-301F-11D3-BF4B-00C04F79EFBC}") = "0.16_InheritanceApplication", "0.16_InheritanceApplication\0.16_InheritanceApplication.csproj", "{3DEF0F65-1D8D-4A1C-957A-54F79269DE88}"
EndProject
Project("{FAE04EC0-301F-11D3-BF4B-00C04F79EFBC}") = "0.17_EnumApplication", "0.17_EnumApplication\0.17_EnumApplication.csproj", "{B5F001DB-6F7C-48BA-BAB7-930DCD65CE1A}"
EndProject
Global
	GlobalSection(SolutionConfigurationPlatforms) = preSolution
		Debug|Any CPU = Debug|Any CPU
		Release|Any CPU = Release|Any CPU
	EndGlobalSection
	GlobalSection(ProjectConfigurationPlatforms) = postSolution
		{5E4DC6A8-2521-4901-AE8F-97351338FDFF}.Debug|Any CPU.ActiveCfg = Debug|Any CPU
		{5E4DC6A8-2521-4901-AE8F-97351338FDFF}.Debug|Any CPU.Build.0 = Debug|Any CPU
		{5E4DC6A8-2521-4901-AE8F-97351338FDFF}.Release|Any CPU.ActiveCfg = Release|Any CPU
		{5E4DC6A8-2521-4901-AE8F-97351338FDFF}.Release|Any CPU.Build.0 = Release|Any CPU
		{0991864B-F74A-4151-81F0-6D64027A0903}.Debug|Any CPU.ActiveCfg = Debug|Any CPU
		{0991864B-F74A-4151-81F0-6D64027A0903}.Debug|Any CPU.Build.0 = Debug|Any CPU
		{0991864B-F74A-4151-81F0-6D64027A0903}.Release|Any CPU.ActiveCfg = Release|Any CPU
		{0991864B-F74A-4151-81F0-6D64027A0903}.Release|Any CPU.Build.0 = Release|Any CPU
		{A515D7FA-CA3C-4EF5-A3AA-35822EDE1293}.Debug|Any CPU.ActiveCfg = Debug|Any CPU
		{A515D7FA-CA3C-4EF5-A3AA-35822EDE1293}.Debug|Any CPU.Build.0 = Debug|Any CPU
		{A515D7FA-CA3C-4EF5-A3AA-35822EDE1293}.Release|Any CPU.ActiveCfg = Release|Any CPU
		{A515D7FA-CA3C-4EF5-A3AA-35822EDE1293}.Release|Any CPU.Build.0 = Release|Any CPU
		{4376F859-45FE-4C78-A16E-00A63AFD7321}.Debug|Any CPU.ActiveCfg = Debug|Any CPU
		{4376F859-45FE-4C78-A16E-00A63AFD7321}.Debug|Any CPU.Build.0 = Debug|Any CPU
		{4376F859-45FE-4C78-A16E-00A63AFD7321}.Release|Any CPU.ActiveCfg = Release|Any CPU
		{4376F859-45FE-4C78-A16E-00A63AFD7321}.Release|Any CPU.Build.0 = Release|Any CPU
		{A35E388A-AE06-4D2C-A4AF-733209C9650A}.Debug|Any CPU.ActiveCfg = Debug|Any CPU
		{A35E388A-AE06-4D2C-A4AF-733209C9650A}.Debug|Any CPU.Build.0 = Debug|Any CPU
		{A35E388A-AE06-4D2C-A4AF-733209C9650A}.Release|Any CPU.ActiveCfg = Release|Any CPU
		{A35E388A-AE06-4D2C-A4AF-733209C9650A}.Release|Any CPU.Build.0 = Release|Any CPU
		{B502ACFD-3875-447C-AC6B-683EF8399BC0}.Debug|Any CPU.ActiveCfg = Debug|Any CPU
		{B502ACFD-3875-447C-AC6B-683EF8399BC0}.Debug|Any CPU.Build.0 = Debug|Any CPU
		{B502ACFD-3875-447C-AC6B-683EF8399BC0}.Release|Any CPU.ActiveCfg = Release|Any CPU
		{B502ACFD-3875-447C-AC6B-683EF8399BC0}.Release|Any CPU.Build.0 = Release|Any CPU
		{FBE1B4D0-DC46-43F6-A5DB-6142EAA23003}.Debug|Any CPU.ActiveCfg = Debug|Any CPU
		{FBE1B4D0-DC46-43F6-A5DB-6142EAA23003}.Debug|Any CPU.Build.0 = Debug|Any CPU
		{FBE1B4D0-DC46-43F6-A5DB-6142EAA23003}.Release|Any CPU.ActiveCfg = Release|Any CPU
		{FBE1B4D0-DC46-43F6-A5DB-6142EAA23003}.Release|Any CPU.Build.0 = Release|Any CPU
		{DC292FC7-E3B0-4239-8CBA-B30123646EEA}.Debug|Any CPU.ActiveCfg = Debug|Any CPU
		{DC292FC7-E3B0-4239-8CBA-B30123646EEA}.Debug|Any CPU.Build.0 = Debug|Any CPU
		{DC292FC7-E3B0-4239-8CBA-B30123646EEA}.Release|Any CPU.ActiveCfg = Release|Any CPU
		{DC292FC7-E3B0-4239-8CBA-B30123646EEA}.Release|Any CPU.Build.0 = Release|Any CPU
		{7BF31A17-2161-4FC8-85B0-BE79715B0221}.Debug|Any CPU.ActiveCfg = Debug|Any CPU
		{7BF31A17-2161-4FC8-85B0-BE79715B0221}.Debug|Any CPU.Build.0 = Debug|Any CPU
		{7BF31A17-2161-4FC8-85B0-BE79715B0221}.Release|Any CPU.ActiveCfg = Release|Any CPU
		{7BF31A17-2161-4FC8-85B0-BE79715B0221}.Release|Any CPU.Build.0 = Release|Any CPU
		{5496F81F-55FB-4724-B280-64C41003F65A}.Debug|Any CPU.ActiveCfg = Debug|Any CPU
		{5496F81F-55FB-4724-B280-64C41003F65A}.Debug|Any CPU.Build.0 = Debug|Any CPU
		{5496F81F-55FB-4724-B280-64C41003F65A}.Release|Any CPU.ActiveCfg = Release|Any CPU
		{5496F81F-55FB-4724-B280-64C41003F65A}.Release|Any CPU.Build.0 = Release|Any CPU
		{8B9ACEC4-CD67-492C-BF70-F7398582957C}.Debug|Any CPU.ActiveCfg = Debug|Any CPU
		{8B9ACEC4-CD67-492C-BF70-F7398582957C}.Debug|Any CPU.Build.0 = Debug|Any CPU
		{8B9ACEC4-CD67-492C-BF70-F7398582957C}.Release|Any CPU.ActiveCfg = Release|Any CPU
		{8B9ACEC4-CD67-492C-BF70-F7398582957C}.Release|Any CPU.Build.0 = Release|Any CPU
		{F82302D0-88B9-4CEE-9AB1-44DE14DD983C}.Debug|Any CPU.ActiveCfg = Debug|Any CPU
		{F82302D0-88B9-4CEE-9AB1-44DE14DD983C}.Debug|Any CPU.Build.0 = Debug|Any CPU
		{F82302D0-88B9-4CEE-9AB1-44DE14DD983C}.Release|Any CPU.ActiveCfg = Release|Any CPU
		{F82302D0-88B9-4CEE-9AB1-44DE14DD983C}.Release|Any CPU.Build.0 = Release|Any CPU
		{F0CA9F0D-9B75-4D63-BA77-5B1E18472636}.Debug|Any CPU.ActiveCfg = Debug|Any CPU
		{F0CA9F0D-9B75-4D63-BA77-5B1E18472636}.Debug|Any CPU.Build.0 = Debug|Any CPU
		{F0CA9F0D-9B75-4D63-BA77-5B1E18472636}.Release|Any CPU.ActiveCfg = Release|Any CPU
		{F0CA9F0D-9B75-4D63-BA77-5B1E18472636}.Release|Any CPU.Build.0 = Release|Any CPU
		{6DAFFD95-E283-4D46-8F7D-E76E7B7F9133}.Debug|Any CPU.ActiveCfg = Debug|Any CPU
		{6DAFFD95-E283-4D46-8F7D-E76E7B7F9133}.Debug|Any CPU.Build.0 = Debug|Any CPU
		{6DAFFD95-E283-4D46-8F7D-E76E7B7F9133}.Release|Any CPU.ActiveCfg = Release|Any CPU
		{6DAFFD95-E283-4D46-8F7D-E76E7B7F9133}.Release|Any CPU.Build.0 = Release|Any CPU
		{AB054243-0810-4B55-A205-69D861976833}.Debug|Any CPU.ActiveCfg = Debug|Any CPU
		{AB054243-0810-4B55-A205-69D861976833}.Debug|Any CPU.Build.0 = Debug|Any CPU
		{AB054243-0810-4B55-A205-69D861976833}.Release|Any CPU.ActiveCfg = Release|Any CPU
		{AB054243-0810-4B55-A205-69D861976833}.Release|Any CPU.Build.0 = Release|Any CPU
		{AB7769C7-F9E6-4603-BA6E-2416C2F62BBE}.Debug|Any CPU.ActiveCfg = Debug|Any CPU
		{AB7769C7-F9E6-4603-BA6E-2416C2F62BBE}.Debug|Any CPU.Build.0 = Debug|Any CPU
		{AB7769C7-F9E6-4603-BA6E-2416C2F62BBE}.Release|Any CPU.ActiveCfg = Release|Any CPU
		{AB7769C7-F9E6-4603-BA6E-2416C2F62BBE}.Release|Any CPU.Build.0 = Release|Any CPU
		{95739E16-C2C2-4DA4-90C0-DE7389D57B16}.Debug|Any CPU.ActiveCfg = Debug|Any CPU
		{95739E16-C2C2-4DA4-90C0-DE7389D57B16}.Debug|Any CPU.Build.0 = Debug|Any CPU
		{95739E16-C2C2-4DA4-90C0-DE7389D57B16}.Release|Any CPU.ActiveCfg = Release|Any CPU
		{95739E16-C2C2-4DA4-90C0-DE7389D57B16}.Release|Any CPU.Build.0 = Release|Any CPU
		{E6B5B2EF-4E1B-4448-BCF4-9DCB9FB3CAA5}.Debug|Any CPU.ActiveCfg = Debug|Any CPU
		{E6B5B2EF-4E1B-4448-BCF4-9DCB9FB3CAA5}.Debug|Any CPU.Build.0 = Debug|Any CPU
		{E6B5B2EF-4E1B-4448-BCF4-9DCB9FB3CAA5}.Release|Any CPU.ActiveCfg = Release|Any CPU
		{E6B5B2EF-4E1B-4448-BCF4-9DCB9FB3CAA5}.Release|Any CPU.Build.0 = Release|Any CPU
		{90ABE54B-A821-4C99-9F06-45FA2AA91802}.Debug|Any CPU.ActiveCfg = Debug|Any CPU
		{90ABE54B-A821-4C99-9F06-45FA2AA91802}.Debug|Any CPU.Build.0 = Debug|Any CPU
		{90ABE54B-A821-4C99-9F06-45FA2AA91802}.Release|Any CPU.ActiveCfg = Release|Any CPU
		{90ABE54B-A821-4C99-9F06-45FA2AA91802}.Release|Any CPU.Build.0 = Release|Any CPU
		{2646C126-01DF-4A3D-8B87-729AE515DC13}.Debug|Any CPU.ActiveCfg = Debug|Any CPU
		{2646C126-01DF-4A3D-8B87-729AE515DC13}.Debug|Any CPU.Build.0 = Debug|Any CPU
		{2646C126-01DF-4A3D-8B87-729AE515DC13}.Release|Any CPU.ActiveCfg = Release|Any CPU
		{2646C126-01DF-4A3D-8B87-729AE515DC13}.Release|Any CPU.Build.0 = Release|Any CPU
		{3DEF0F65-1D8D-4A1C-957A-54F79269DE88}.Debug|Any CPU.ActiveCfg = Debug|Any CPU
		{3DEF0F65-1D8D-4A1C-957A-54F79269DE88}.Debug|Any CPU.Build.0 = Debug|Any CPU
		{3DEF0F65-1D8D-4A1C-957A-54F79269DE88}.Release|Any CPU.ActiveCfg = Release|Any CPU
		{3DEF0F65-1D8D-4A1C-957A-54F79269DE88}.Release|Any CPU.Build.0 = Release|Any CPU
		{B5F001DB-6F7C-48BA-BAB7-930DCD65CE1A}.Debug|Any CPU.ActiveCfg = Debug|Any CPU
		{B5F001DB-6F7C-48BA-BAB7-930DCD65CE1A}.Debug|Any CPU.Build.0 = Debug|Any CPU
		{B5F001DB-6F7C-48BA-BAB7-930DCD65CE1A}.Release|Any CPU.ActiveCfg = Release|Any CPU
		{B5F001DB-6F7C-48BA-BAB7-930DCD65CE1A}.Release|Any CPU.Build.0 = Release|Any CPU
	EndGlobalSection
	GlobalSection(SolutionProperties) = preSolution
		HideSolutionNode = FALSE
	EndGlobalSection
	GlobalSection(ExtensibilityGlobals) = postSolution
		SolutionGuid = {3117C5B8-3ADE-4221-B78D-10154D9326B0}
	EndGlobalSection
EndGlobal
